dependencies:
- name: kafka
  repository: https://charts.bitnami.com/bitnami
  version: 28.0.4
- name: prometheus
  repository: https://charts.bitnami.com/bitnami
  version: 1.0.6
- name: grafana-operator
  repository: https://charts.bitnami.com/bitnami
  version: 4.1.0
- name: hazelcast
  repository: https://hazelcast-charts.s3.amazonaws.com
  version: 5.9.1
digest: sha256:ff2ef41320042a7d61e4950df6c35b094a14eacbcaf0350169a2e07e9a7ccdbb
generated: "2024-04-29T20:38:41.423242601-03:00"
