dependencies:
- name: kafka
  repository: https://charts.bitnami.com/bitnami
  version: 28.0.4
- name: prometheus
  repository: https://charts.bitnami.com/bitnami
  version: 1.0.6
- name: grafana-operator
  repository: https://charts.bitnami.com/bitnami
  version: 4.1.0
- name: keycloak
  repository: https://charts.bitnami.com/bitnami
  version: 21.0.3
digest: sha256:904895f0b0fd71071629a0514923764da4cd1d33fa602bb42aed5fab36850b46
generated: "2024-04-30T14:11:55.454625189-03:00"
